
Microsoft Visual Studio Solution File, Format Version 12.00
# Visual Studio Version 16
VisualStudioVersion = 16.0.29519.87
MinimumVisualStudioVersion = 10.0.40219.1
Project("{FAE04EC0-301F-11D3-BF4B-00C04F79EFBC}") = "StarWarsAPI", "StarWarsAPI\StarWarsAPI.csproj", "{E48B652E-764D-4914-BD5C-CCD31A210B18}"
EndProject
Global
	GlobalSection(SolutionConfigurationPlatforms) = preSolution
		Debug|Any CPU = Debug|Any CPU
		Release|Any CPU = Release|Any CPU
	EndGlobalSection
	GlobalSection(ProjectConfigurationPlatforms) = postSolution
		{E48B652E-764D-4914-BD5C-CCD31A210B18}.Debug|Any CPU.ActiveCfg = Debug|Any CPU
		{E48B652E-764D-4914-BD5C-CCD31A210B18}.Debug|Any CPU.Build.0 = Debug|Any CPU
		{E48B652E-764D-4914-BD5C-CCD31A210B18}.Release|Any CPU.ActiveCfg = Release|Any CPU
		{E48B652E-764D-4914-BD5C-CCD31A210B18}.Release|Any CPU.Build.0 = Release|Any CPU
	EndGlobalSection
	GlobalSection(SolutionProperties) = preSolution
		HideSolutionNode = FALSE
	EndGlobalSection
	GlobalSection(ExtensibilityGlobals) = postSolution
		SolutionGuid = {052A89D8-5CCF-4991-ABA9-E2F3C9450B9F}
	EndGlobalSection
EndGlobal
